
Microsoft Visual Studio Solution File, Format Version 12.00
# Visual Studio Version 17
VisualStudioVersion = 17.1.32210.238
MinimumVisualStudioVersion = 10.0.40219.1
Project("{8BC9CEB8-8B4A-11D0-8D11-00A0C91BC942}") = "Project2", "Project2.vcxproj", "{0AE1EB56-EA47-48D7-8591-CE8413CB6016}"
EndProject
Global
	GlobalSection(SolutionConfigurationPlatforms) = preSolution
		Debug|x64 = Debug|x64
		Debug|x86 = Debug|x86
		Release|x64 = Release|x64
		Release|x86 = Release|x86
	EndGlobalSection
	GlobalSection(ProjectConfigurationPlatforms) = postSolution
		{0AE1EB56-EA47-48D7-8591-CE8413CB6016}.Debug|x64.ActiveCfg = Debug|x64
		{0AE1EB56-EA47-48D7-8591-CE8413CB6016}.Debug|x64.Build.0 = Debug|x64
		{0AE1EB56-EA47-48D7-8591-CE8413CB6016}.Debug|x86.ActiveCfg = Debug|Win32
		{0AE1EB56-EA47-48D7-8591-CE8413CB6016}.Debug|x86.Build.0 = Debug|Win32
		{0AE1EB56-EA47-48D7-8591-CE8413CB6016}.Release|x64.ActiveCfg = Release|x64
		{0AE1EB56-EA47-48D7-8591-CE8413CB6016}.Release|x64.Build.0 = Release|x64
		{0AE1EB56-EA47-48D7-8591-CE8413CB6016}.Release|x86.ActiveCfg = Release|Win32
		{0AE1EB56-EA47-48D7-8591-CE8413CB6016}.Release|x86.Build.0 = Release|Win32
	EndGlobalSection
	GlobalSection(SolutionProperties) = preSolution
		HideSolutionNode = FALSE
	EndGlobalSection
	GlobalSection(ExtensibilityGlobals) = postSolution
		SolutionGuid = {AD2C337B-BBA4-46C6-989E-4CC5F250EDB4}
	EndGlobalSection
EndGlobal
